
Microsoft Visual Studio Solution File, Format Version 12.00
# Visual Studio 14
VisualStudioVersion = 14.0.24720.0
MinimumVisualStudioVersion = 10.0.40219.1
Project("{FAE04EC0-301F-11D3-BF4B-00C04F79EFBC}") = "SharpEarth_Net45", "SharpEarth_Net45\SharpEarth_Net45.csproj", "{C7D4D4C4-51B3-4E1B-8C93-58BF55296342}"
EndProject
Global
	GlobalSection(SolutionConfigurationPlatforms) = preSolution
		Debug|Any CPU = Debug|Any CPU
		Release|Any CPU = Release|Any CPU
	EndGlobalSection
	GlobalSection(ProjectConfigurationPlatforms) = postSolution
		{C7D4D4C4-51B3-4E1B-8C93-58BF55296342}.Debug|Any CPU.ActiveCfg = Debug|Any CPU
		{C7D4D4C4-51B3-4E1B-8C93-58BF55296342}.Debug|Any CPU.Build.0 = Debug|Any CPU
		{C7D4D4C4-51B3-4E1B-8C93-58BF55296342}.Release|Any CPU.ActiveCfg = Release|Any CPU
		{C7D4D4C4-51B3-4E1B-8C93-58BF55296342}.Release|Any CPU.Build.0 = Release|Any CPU
	EndGlobalSection
	GlobalSection(SolutionProperties) = preSolution
		HideSolutionNode = FALSE
	EndGlobalSection
EndGlobal
